
Microsoft Visual Studio Solution File, Format Version 12.00
# Visual Studio Express 2012 for Windows Desktop
Project("{8BC9CEB8-8B4A-11D0-8D11-00A0C91BC942}") = "dotnet", "dotnet\dotnet.vcxproj", "{5EB3AEF5-9E68-4679-A4F7-B3E119721D1B}"
	ProjectSection(ProjectDependencies) = postProject
		{01295621-1F40-4F0C-868B-2DF9F1B25939} = {01295621-1F40-4F0C-868B-2DF9F1B25939}
	EndProjectSection
EndProject
Project("{FAE04EC0-301F-11D3-BF4B-00C04F79EFBC}") = "c_sharp", "c_sharp\c_sharp.csproj", "{01295621-1F40-4F0C-868B-2DF9F1B25939}"
EndProject
Global
	GlobalSection(SolutionConfigurationPlatforms) = preSolution
		Debug|Any CPU = Debug|Any CPU
		Debug|Mixed Platforms = Debug|Mixed Platforms
		Debug|Win32 = Debug|Win32
		Release|Any CPU = Release|Any CPU
		Release|Mixed Platforms = Release|Mixed Platforms
		Release|Win32 = Release|Win32
	EndGlobalSection
	GlobalSection(ProjectConfigurationPlatforms) = postSolution
		{5EB3AEF5-9E68-4679-A4F7-B3E119721D1B}.Debug|Any CPU.ActiveCfg = Debug|Win32
		{5EB3AEF5-9E68-4679-A4F7-B3E119721D1B}.Debug|Mixed Platforms.ActiveCfg = Debug|Win32
		{5EB3AEF5-9E68-4679-A4F7-B3E119721D1B}.Debug|Mixed Platforms.Build.0 = Debug|Win32
		{5EB3AEF5-9E68-4679-A4F7-B3E119721D1B}.Debug|Win32.ActiveCfg = Debug|Win32
		{5EB3AEF5-9E68-4679-A4F7-B3E119721D1B}.Debug|Win32.Build.0 = Debug|Win32
		{5EB3AEF5-9E68-4679-A4F7-B3E119721D1B}.Release|Any CPU.ActiveCfg = Release|Win32
		{5EB3AEF5-9E68-4679-A4F7-B3E119721D1B}.Release|Mixed Platforms.ActiveCfg = Debug|Win32
		{5EB3AEF5-9E68-4679-A4F7-B3E119721D1B}.Release|Mixed Platforms.Build.0 = Debug|Win32
		{5EB3AEF5-9E68-4679-A4F7-B3E119721D1B}.Release|Win32.ActiveCfg = Release|Win32
		{5EB3AEF5-9E68-4679-A4F7-B3E119721D1B}.Release|Win32.Build.0 = Release|Win32
		{01295621-1F40-4F0C-868B-2DF9F1B25939}.Debug|Any CPU.ActiveCfg = Debug|Any CPU
		{01295621-1F40-4F0C-868B-2DF9F1B25939}.Debug|Any CPU.Build.0 = Debug|Any CPU
		{01295621-1F40-4F0C-868B-2DF9F1B25939}.Debug|Mixed Platforms.ActiveCfg = Debug|Any CPU
		{01295621-1F40-4F0C-868B-2DF9F1B25939}.Debug|Mixed Platforms.Build.0 = Debug|Any CPU
		{01295621-1F40-4F0C-868B-2DF9F1B25939}.Debug|Win32.ActiveCfg = Debug|Any CPU
		{01295621-1F40-4F0C-868B-2DF9F1B25939}.Release|Any CPU.ActiveCfg = Release|Any CPU
		{01295621-1F40-4F0C-868B-2DF9F1B25939}.Release|Any CPU.Build.0 = Release|Any CPU
		{01295621-1F40-4F0C-868B-2DF9F1B25939}.Release|Mixed Platforms.ActiveCfg = Debug|Any CPU
		{01295621-1F40-4F0C-868B-2DF9F1B25939}.Release|Mixed Platforms.Build.0 = Debug|Any CPU
		{01295621-1F40-4F0C-868B-2DF9F1B25939}.Release|Win32.ActiveCfg = Release|Any CPU
	EndGlobalSection
	GlobalSection(SolutionProperties) = preSolution
		HideSolutionNode = FALSE
	EndGlobalSection
EndGlobal
